
Microsoft Visual Studio Solution File, Format Version 12.00
# Visual Studio 15
VisualStudioVersion = 15.0.28010.2050
MinimumVisualStudioVersion = 10.0.40219.1
Project("{9B56FCB0-63B4-404F-8A09-42EF52B53347}") = "DinnerMeshDemo", "DinnerMeshDemo\DinnerMeshDemo.sfaproj", "{D9E78369-BD2B-4FE0-87C6-5810AADBF8EE}"
EndProject
Project("{9A19103F-16F7-4668-BE54-9A1E7A4F7556}") = "StorageService", "StorageService\StorageService.csproj", "{AA0EF332-9E47-4A55-8F66-030CB6FC0A2E}"
EndProject
Project("{FAE04EC0-301F-11D3-BF4B-00C04F79EFBC}") = "DeliveryService", "DeliveryService\DeliveryService.csproj", "{6628B7E7-0E34-4CE2-99EB-800F11694A09}"
EndProject
Global
	GlobalSection(SolutionConfigurationPlatforms) = preSolution
		Debug|Any CPU = Debug|Any CPU
		Release|Any CPU = Release|Any CPU
	EndGlobalSection
	GlobalSection(ProjectConfigurationPlatforms) = postSolution
		{D9E78369-BD2B-4FE0-87C6-5810AADBF8EE}.Debug|Any CPU.ActiveCfg = Debug|Any CPU
		{D9E78369-BD2B-4FE0-87C6-5810AADBF8EE}.Debug|Any CPU.Build.0 = Debug|Any CPU
		{D9E78369-BD2B-4FE0-87C6-5810AADBF8EE}.Release|Any CPU.ActiveCfg = Release|Any CPU
		{D9E78369-BD2B-4FE0-87C6-5810AADBF8EE}.Release|Any CPU.Build.0 = Release|Any CPU
		{AA0EF332-9E47-4A55-8F66-030CB6FC0A2E}.Debug|Any CPU.ActiveCfg = Debug|Any CPU
		{AA0EF332-9E47-4A55-8F66-030CB6FC0A2E}.Debug|Any CPU.Build.0 = Debug|Any CPU
		{AA0EF332-9E47-4A55-8F66-030CB6FC0A2E}.Release|Any CPU.ActiveCfg = Release|Any CPU
		{AA0EF332-9E47-4A55-8F66-030CB6FC0A2E}.Release|Any CPU.Build.0 = Release|Any CPU
		{6628B7E7-0E34-4CE2-99EB-800F11694A09}.Debug|Any CPU.ActiveCfg = Debug|Any CPU
		{6628B7E7-0E34-4CE2-99EB-800F11694A09}.Debug|Any CPU.Build.0 = Debug|Any CPU
		{6628B7E7-0E34-4CE2-99EB-800F11694A09}.Release|Any CPU.ActiveCfg = Release|Any CPU
		{6628B7E7-0E34-4CE2-99EB-800F11694A09}.Release|Any CPU.Build.0 = Release|Any CPU
	EndGlobalSection
	GlobalSection(SolutionProperties) = preSolution
		HideSolutionNode = FALSE
	EndGlobalSection
	GlobalSection(ExtensibilityGlobals) = postSolution
		SolutionGuid = {DE89BF55-4E69-4AE7-8AC9-091BC092A65E}
	EndGlobalSection
EndGlobal
