
Microsoft Visual Studio Solution File, Format Version 12.00
# Visual Studio 15
VisualStudioVersion = 15.0.28010.2050
MinimumVisualStudioVersion = 10.0.40219.1
Project("{A07B5EB6-E848-4116-A8D0-A826331D98C6}") = "SvcFabricDinnerDemo", "SvcFabricDinnerDemo\SvcFabricDinnerDemo.sfproj", "{0C88750F-4749-49B8-A133-4FE8EDF9B6C5}"
EndProject
Project("{FAE04EC0-301F-11D3-BF4B-00C04F79EFBC}") = "SvcFabricDinnerDemo.DinnerPlatform", "SvcFabricDinnerDemo.DinnerPlatform\SvcFabricDinnerDemo.DinnerPlatform.csproj", "{B32B5A6B-DE97-4681-9DA0-EB49DFE4727F}"
EndProject
Project("{FAE04EC0-301F-11D3-BF4B-00C04F79EFBC}") = "SvcFabricDinnerDemo.RestaurantService", "SvcFabricDinnerDemo.RestaurantService\SvcFabricDinnerDemo.RestaurantService.csproj", "{AFE9952A-BA63-407C-B033-E813731E35AE}"
EndProject
Project("{FAE04EC0-301F-11D3-BF4B-00C04F79EFBC}") = "SvcFabricDinnerDemo.RestaurantService.Interfaces", "SvcFabricDinnerDemo.RestaurantService.Interfaces\SvcFabricDinnerDemo.RestaurantService.Interfaces.csproj", "{4F2A4E0D-A05F-4BB8-A7C9-F22C8AF88D8B}"
EndProject
Project("{FAE04EC0-301F-11D3-BF4B-00C04F79EFBC}") = "SvcFabricDinnerDemo.DinnerMenuService", "SvcFabricDinnerDemo.DinnerMenuService\SvcFabricDinnerDemo.DinnerMenuService.csproj", "{10CF2631-CE98-480D-B9A2-75B9B0D7EFA6}"
EndProject
Project("{FAE04EC0-301F-11D3-BF4B-00C04F79EFBC}") = "SvcFabricDinnerDemo.DinnerMenuService.Interfaces", "SvcFabricDinnerDemo.DinnerMenuService.Interfaces\SvcFabricDinnerDemo.DinnerMenuService.Interfaces.csproj", "{5A2793E8-9982-4B33-A106-E5C1307161EB}"
EndProject
Global
	GlobalSection(SolutionConfigurationPlatforms) = preSolution
		Debug|Any CPU = Debug|Any CPU
		Debug|x64 = Debug|x64
		Release|Any CPU = Release|Any CPU
		Release|x64 = Release|x64
	EndGlobalSection
	GlobalSection(ProjectConfigurationPlatforms) = postSolution
		{0C88750F-4749-49B8-A133-4FE8EDF9B6C5}.Debug|Any CPU.ActiveCfg = Debug|x64
		{0C88750F-4749-49B8-A133-4FE8EDF9B6C5}.Debug|x64.ActiveCfg = Debug|x64
		{0C88750F-4749-49B8-A133-4FE8EDF9B6C5}.Debug|x64.Build.0 = Debug|x64
		{0C88750F-4749-49B8-A133-4FE8EDF9B6C5}.Debug|x64.Deploy.0 = Debug|x64
		{0C88750F-4749-49B8-A133-4FE8EDF9B6C5}.Release|Any CPU.ActiveCfg = Release|x64
		{0C88750F-4749-49B8-A133-4FE8EDF9B6C5}.Release|x64.ActiveCfg = Release|x64
		{0C88750F-4749-49B8-A133-4FE8EDF9B6C5}.Release|x64.Build.0 = Release|x64
		{0C88750F-4749-49B8-A133-4FE8EDF9B6C5}.Release|x64.Deploy.0 = Release|x64
		{B32B5A6B-DE97-4681-9DA0-EB49DFE4727F}.Debug|Any CPU.ActiveCfg = Debug|Any CPU
		{B32B5A6B-DE97-4681-9DA0-EB49DFE4727F}.Debug|Any CPU.Build.0 = Debug|Any CPU
		{B32B5A6B-DE97-4681-9DA0-EB49DFE4727F}.Debug|x64.ActiveCfg = Debug|Any CPU
		{B32B5A6B-DE97-4681-9DA0-EB49DFE4727F}.Debug|x64.Build.0 = Debug|Any CPU
		{B32B5A6B-DE97-4681-9DA0-EB49DFE4727F}.Release|Any CPU.ActiveCfg = Release|Any CPU
		{B32B5A6B-DE97-4681-9DA0-EB49DFE4727F}.Release|Any CPU.Build.0 = Release|Any CPU
		{B32B5A6B-DE97-4681-9DA0-EB49DFE4727F}.Release|x64.ActiveCfg = Release|Any CPU
		{B32B5A6B-DE97-4681-9DA0-EB49DFE4727F}.Release|x64.Build.0 = Release|Any CPU
		{AFE9952A-BA63-407C-B033-E813731E35AE}.Debug|Any CPU.ActiveCfg = Debug|Any CPU
		{AFE9952A-BA63-407C-B033-E813731E35AE}.Debug|Any CPU.Build.0 = Debug|Any CPU
		{AFE9952A-BA63-407C-B033-E813731E35AE}.Debug|x64.ActiveCfg = Debug|Any CPU
		{AFE9952A-BA63-407C-B033-E813731E35AE}.Debug|x64.Build.0 = Debug|Any CPU
		{AFE9952A-BA63-407C-B033-E813731E35AE}.Release|Any CPU.ActiveCfg = Release|Any CPU
		{AFE9952A-BA63-407C-B033-E813731E35AE}.Release|Any CPU.Build.0 = Release|Any CPU
		{AFE9952A-BA63-407C-B033-E813731E35AE}.Release|x64.ActiveCfg = Release|Any CPU
		{AFE9952A-BA63-407C-B033-E813731E35AE}.Release|x64.Build.0 = Release|Any CPU
		{4F2A4E0D-A05F-4BB8-A7C9-F22C8AF88D8B}.Debug|Any CPU.ActiveCfg = Debug|Any CPU
		{4F2A4E0D-A05F-4BB8-A7C9-F22C8AF88D8B}.Debug|Any CPU.Build.0 = Debug|Any CPU
		{4F2A4E0D-A05F-4BB8-A7C9-F22C8AF88D8B}.Debug|x64.ActiveCfg = Debug|Any CPU
		{4F2A4E0D-A05F-4BB8-A7C9-F22C8AF88D8B}.Debug|x64.Build.0 = Debug|Any CPU
		{4F2A4E0D-A05F-4BB8-A7C9-F22C8AF88D8B}.Release|Any CPU.ActiveCfg = Release|Any CPU
		{4F2A4E0D-A05F-4BB8-A7C9-F22C8AF88D8B}.Release|Any CPU.Build.0 = Release|Any CPU
		{4F2A4E0D-A05F-4BB8-A7C9-F22C8AF88D8B}.Release|x64.ActiveCfg = Release|Any CPU
		{4F2A4E0D-A05F-4BB8-A7C9-F22C8AF88D8B}.Release|x64.Build.0 = Release|Any CPU
		{10CF2631-CE98-480D-B9A2-75B9B0D7EFA6}.Debug|Any CPU.ActiveCfg = Debug|Any CPU
		{10CF2631-CE98-480D-B9A2-75B9B0D7EFA6}.Debug|Any CPU.Build.0 = Debug|Any CPU
		{10CF2631-CE98-480D-B9A2-75B9B0D7EFA6}.Debug|x64.ActiveCfg = Debug|Any CPU
		{10CF2631-CE98-480D-B9A2-75B9B0D7EFA6}.Debug|x64.Build.0 = Debug|Any CPU
		{10CF2631-CE98-480D-B9A2-75B9B0D7EFA6}.Release|Any CPU.ActiveCfg = Release|Any CPU
		{10CF2631-CE98-480D-B9A2-75B9B0D7EFA6}.Release|Any CPU.Build.0 = Release|Any CPU
		{10CF2631-CE98-480D-B9A2-75B9B0D7EFA6}.Release|x64.ActiveCfg = Release|Any CPU
		{10CF2631-CE98-480D-B9A2-75B9B0D7EFA6}.Release|x64.Build.0 = Release|Any CPU
		{5A2793E8-9982-4B33-A106-E5C1307161EB}.Debug|Any CPU.ActiveCfg = Debug|Any CPU
		{5A2793E8-9982-4B33-A106-E5C1307161EB}.Debug|Any CPU.Build.0 = Debug|Any CPU
		{5A2793E8-9982-4B33-A106-E5C1307161EB}.Debug|x64.ActiveCfg = Debug|Any CPU
		{5A2793E8-9982-4B33-A106-E5C1307161EB}.Debug|x64.Build.0 = Debug|Any CPU
		{5A2793E8-9982-4B33-A106-E5C1307161EB}.Release|Any CPU.ActiveCfg = Release|Any CPU
		{5A2793E8-9982-4B33-A106-E5C1307161EB}.Release|Any CPU.Build.0 = Release|Any CPU
		{5A2793E8-9982-4B33-A106-E5C1307161EB}.Release|x64.ActiveCfg = Release|Any CPU
		{5A2793E8-9982-4B33-A106-E5C1307161EB}.Release|x64.Build.0 = Release|Any CPU
	EndGlobalSection
	GlobalSection(SolutionProperties) = preSolution
		HideSolutionNode = FALSE
	EndGlobalSection
	GlobalSection(ExtensibilityGlobals) = postSolution
		SolutionGuid = {7E117F63-246B-4D92-B9AF-7736F809A3BF}
	EndGlobalSection
EndGlobal
